PODS:
  - BetterSegmentedControl (1.0.3)
  - FSCalendar (2.7.9)
  - SWTableViewCell (0.3.7)

DEPENDENCIES:
  - BetterSegmentedControl (~> 1.0)
  - FSCalendar
  - SWTableViewCell (~> 0.3.7)

SPEC REPOS:
  https://github.com/CocoaPods/Specs.git:
    - BetterSegmentedControl
    - FSCalendar
    - SWTableViewCell

SPEC CHECKSUMS:
  BetterSegmentedControl: 4e3bd0bd517b0f6077c9e17f5663a01cff48e2c5
  FSCalendar: a04b09f16f811bc92e82f3cf852a15225233b9d5
  SWTableViewCell: 2a94aadc9d47b2b611fa064566bf57948b95b579

PODFILE CHECKSUM: 4f31deb6b572d983b8ec8baaf38eed563069a938

COCOAPODS: 1.10.1
