// !$*UTF8*$!
{
	archiveVersion = 1;
	classes = {
	};
	objectVersion = 50;
	objects = {

/* Begin PBXBuildFile section */
		59CEA7A820FC81D700847485 /* Home.storyboard in Resources */ = {isa = PBXBuildFile; fileRef = 59CEA7A720FC81D700847485 /* Home.storyboard */; };
		692965C72109DF38000AD605 /* Storechart.storyboard in Resources */ = {isa = PBXBuildFile; fileRef = 692965C62109DF38000AD605 /* Storechart.storyboard */; };
		692965C9210AEE21000AD605 /* StoreModel.swift in Sources */ = {isa = PBXBuildFile; fileRef = 692965C8210AEE21000AD605 /* StoreModel.swift */; };
		69EBD6F42100719C006B055B /* HomeViewController.swift in Sources */ = {isa = PBXBuildFile; fileRef = 69EBD6F32100719C006B055B /* HomeViewController.swift */; };
		90A5740D2109E18D008200C8 /* ScheduleDataModel.swift in Sources */ = {isa = PBXBuildFile; fileRef = 90A5740C2109E18D008200C8 /* ScheduleDataModel.swift */; };
		90CE556D2107342000E20EC7 /* AppDelegate.swift in Sources */ = {isa = PBXBuildFile; fileRef = 90CE556C2107342000E20EC7 /* AppDelegate.swift */; };
		90CE5571210875C900E20EC7 /* Radiobutton.swift in Sources */ = {isa = PBXBuildFile; fileRef = 90CE5570210875C900E20EC7 /* Radiobutton.swift */; };
		A521E423DA2E2F45CCB29B6E /* Pods_proc.framework in Frameworks */ = {isa = PBXBuildFile; fileRef = 98437B6BEF1E17CDECD22727 /* Pods_proc.framework */; };
		B80B28EE2109B9CE00413049 /* HomeChartCell.swift in Sources */ = {isa = PBXBuildFile; fileRef = B80B28ED2109B9CE00413049 /* HomeChartCell.swift */; };
		B80B28F02109B9FB00413049 /* HomeTableViewController.swift in Sources */ = {isa = PBXBuildFile; fileRef = B80B28EF2109B9FB00413049 /* HomeTableViewController.swift */; };
		B8119A302109763400C0D6EE /* HomeDateModel.swift in Sources */ = {isa = PBXBuildFile; fileRef = B8119A2F2109763400C0D6EE /* HomeDateModel.swift */; };
		B8119A34210998DB00C0D6EE /* ScheduleAddViewController.swift in Sources */ = {isa = PBXBuildFile; fileRef = B8119A33210998DB00C0D6EE /* ScheduleAddViewController.swift */; };
		B817E0A220FC8FF400B2A37C /* Schedule.storyboard in Resources */ = {isa = PBXBuildFile; fileRef = B817E0A120FC8FF400B2A37C /* Schedule.storyboard */; };
		B817E0A420FC900D00B2A37C /* Staff.storyboard in Resources */ = {isa = PBXBuildFile; fileRef = B817E0A320FC900D00B2A37C /* Staff.storyboard */; };
		B838071720EDC00700A46B20 /* ViewController.swift in Sources */ = {isa = PBXBuildFile; fileRef = B838071620EDC00700A46B20 /* ViewController.swift */; };
		B838071A20EDC00700A46B20 /* Main.storyboard in Resources */ = {isa = PBXBuildFile; fileRef = B838071820EDC00700A46B20 /* Main.storyboard */; };
		B838071C20EDC00900A46B20 /* Assets.xcassets in Resources */ = {isa = PBXBuildFile; fileRef = B838071B20EDC00900A46B20 /* Assets.xcassets */; };
		B838071F20EDC00900A46B20 /* LaunchScreen.storyboard in Resources */ = {isa = PBXBuildFile; fileRef = B838071D20EDC00900A46B20 /* LaunchScreen.storyboard */; };
		B838072A20EDC00900A46B20 /* procTests.swift in Sources */ = {isa = PBXBuildFile; fileRef = B838072920EDC00900A46B20 /* procTests.swift */; };
		B838073520EDC00900A46B20 /* procUITests.swift in Sources */ = {isa = PBXBuildFile; fileRef = B838073420EDC00900A46B20 /* procUITests.swift */; };
		B851460C20EF4608000E6C4E /* CompleteViewController.swift in Sources */ = {isa = PBXBuildFile; fileRef = B851460B20EF4608000E6C4E /* CompleteViewController.swift */; };
		B8B55B8020FF24C10028B233 /* StoreChartTableViewController.swift in Sources */ = {isa = PBXBuildFile; fileRef = B8B55B7F20FF24C10028B233 /* StoreChartTableViewController.swift */; };
		B8C566BA210AC312001D470A /* StoreModel.swift in Sources */ = {isa = PBXBuildFile; fileRef = B8C566B9210AC312001D470A /* StoreModel.swift */; };
		B8C566BC210AC3A7001D470A /* ScheduleModel.swift in Sources */ = {isa = PBXBuildFile; fileRef = B8C566BB210AC3A7001D470A /* ScheduleModel.swift */; };
		B8DFC23E2106D13B00626614 /* ScheduleTableViewController.swift in Sources */ = {isa = PBXBuildFile; fileRef = B8DFC23D2106D13B00626614 /* ScheduleTableViewController.swift */; };
		B8DFC2402106D6AC00626614 /* ScheduleChartCell.swift in Sources */ = {isa = PBXBuildFile; fileRef = B8DFC23F2106D6AC00626614 /* ScheduleChartCell.swift */; };
		B8DFC2422106EC3500626614 /* ScheduleViewController.swift in Sources */ = {isa = PBXBuildFile; fileRef = B8DFC2412106EC3500626614 /* ScheduleViewController.swift */; };
		B8DFC247210710BF00626614 /* StoreCharCell_More.swift in Sources */ = {isa = PBXBuildFile; fileRef = B8DFC246210710BF00626614 /* StoreCharCell_More.swift */; };
		B8F2B3522109FAAB008FC382 /* ScheduleLittleTableCell.swift in Sources */ = {isa = PBXBuildFile; fileRef = B8F2B3512109FAAB008FC382 /* ScheduleLittleTableCell.swift */; };
		B8FE6B7521074DEB00C471FB /* AddStoreViewController.swift in Sources */ = {isa = PBXBuildFile; fileRef = B8FE6B7421074DEB00C471FB /* AddStoreViewController.swift */; };
/* End PBXBuildFile section */

/* Begin PBXContainerItemProxy section */
		B838072620EDC00900A46B20 /* PBXContainerItemProxy */ = {
			isa = PBXContainerItemProxy;
			containerPortal = B838070920EDC00700A46B20 /* Project object */;
			proxyType = 1;
			remoteGlobalIDString = B838071020EDC00700A46B20;
			remoteInfo = proc;
		};
		B838073120EDC00900A46B20 /* PBXContainerItemProxy */ = {
			isa = PBXContainerItemProxy;
			containerPortal = B838070920EDC00700A46B20 /* Project object */;
			proxyType = 1;
			remoteGlobalIDString = B838071020EDC00700A46B20;
			remoteInfo = proc;
		};
/* End PBXContainerItemProxy section */

/* Begin PBXFileReference section */
		24DC7D3C9D0FCFFB0CBC4C28 /* Pods-proc.debug.xcconfig */ = {isa = PBXFileReference; includeInIndex = 1; lastKnownFileType = text.xcconfig; name = "Pods-proc.debug.xcconfig"; path = "Pods/Target Support Files/Pods-proc/Pods-proc.debug.xcconfig"; sourceTree = "<group>"; };
		2F43A365F08E08E2C0A47016 /* Pods_procUITests.framework */ = {isa = PBXFileReference; explicitFileType = wrapper.framework; includeInIndex = 0; path = Pods_procUITests.framework; sourceTree = BUILT_PRODUCTS_DIR; };
		59CEA7A720FC81D700847485 /* Home.storyboard */ = {isa = PBXFileReference; lastKnownFileType = file.storyboard; path = Home.storyboard; sourceTree = "<group>"; };
		692965C62109DF38000AD605 /* Storechart.storyboard */ = {isa = PBXFileReference; fileEncoding = 4; lastKnownFileType = file.storyboard; path = Storechart.storyboard; sourceTree = "<group>"; };
		692965C8210AEE21000AD605 /* StoreModel.swift */ = {isa = PBXFileReference; lastKnownFileType = sourcecode.swift; path = StoreModel.swift; sourceTree = "<group>"; };
		69EBD6F32100719C006B055B /* HomeViewController.swift */ = {isa = PBXFileReference; lastKnownFileType = sourcecode.swift; path = HomeViewController.swift; sourceTree = "<group>"; };
		90A5740C2109E18D008200C8 /* ScheduleDataModel.swift */ = {isa = PBXFileReference; lastKnownFileType = sourcecode.swift; path = ScheduleDataModel.swift; sourceTree = "<group>"; };
		90CE556C2107342000E20EC7 /* AppDelegate.swift */ = {isa = PBXFileReference; lastKnownFileType = sourcecode.swift; path = AppDelegate.swift; sourceTree = "<group>"; };
		90CE5570210875C900E20EC7 /* Radiobutton.swift */ = {isa = PBXFileReference; lastKnownFileType = sourcecode.swift; path = Radiobutton.swift; sourceTree = "<group>"; };
		98437B6BEF1E17CDECD22727 /* Pods_proc.framework */ = {isa = PBXFileReference; explicitFileType = wrapper.framework; includeInIndex = 0; path = Pods_proc.framework; sourceTree = BUILT_PRODUCTS_DIR; };
		B80B28ED2109B9CE00413049 /* HomeChartCell.swift */ = {isa = PBXFileReference; lastKnownFileType = sourcecode.swift; path = HomeChartCell.swift; sourceTree = "<group>"; };
		B80B28EF2109B9FB00413049 /* HomeTableViewController.swift */ = {isa = PBXFileReference; lastKnownFileType = sourcecode.swift; path = HomeTableViewController.swift; sourceTree = "<group>"; };
		B8119A2F2109763400C0D6EE /* HomeDateModel.swift */ = {isa = PBXFileReference; lastKnownFileType = sourcecode.swift; path = HomeDateModel.swift; sourceTree = "<group>"; };
		B8119A33210998DB00C0D6EE /* ScheduleAddViewController.swift */ = {isa = PBXFileReference; lastKnownFileType = sourcecode.swift; path = ScheduleAddViewController.swift; sourceTree = "<group>"; };
		B817E0A120FC8FF400B2A37C /* Schedule.storyboard */ = {isa = PBXFileReference; lastKnownFileType = file.storyboard; path = Schedule.storyboard; sourceTree = "<group>"; };
		B817E0A320FC900D00B2A37C /* Staff.storyboard */ = {isa = PBXFileReference; lastKnownFileType = file.storyboard; path = Staff.storyboard; sourceTree = "<group>"; };
		B838071120EDC00700A46B20 /* proc.app */ = {isa = PBXFileReference; explicitFileType = wrapper.application; includeInIndex = 0; path = proc.app; sourceTree = BUILT_PRODUCTS_DIR; };
		B838071620EDC00700A46B20 /* ViewController.swift */ = {isa = PBXFileReference; lastKnownFileType = sourcecode.swift; path = ViewController.swift; sourceTree = "<group>"; };
		B838071920EDC00700A46B20 /* Base */ = {isa = PBXFileReference; lastKnownFileType = file.storyboard; name = Base; path = Base.lproj/Main.storyboard; sourceTree = "<group>"; };
		B838071B20EDC00900A46B20 /* Assets.xcassets */ = {isa = PBXFileReference; lastKnownFileType = folder.assetcatalog; path = Assets.xcassets; sourceTree = "<group>"; };
		B838071E20EDC00900A46B20 /* Base */ = {isa = PBXFileReference; lastKnownFileType = file.storyboard; name = Base; path = Base.lproj/LaunchScreen.storyboard; sourceTree = "<group>"; };
		B838072020EDC00900A46B20 /* Info.plist */ = {isa = PBXFileReference; lastKnownFileType = text.plist.xml; path = Info.plist; sourceTree = "<group>"; };
		B838072520EDC00900A46B20 /* procTests.xctest */ = {isa = PBXFileReference; explicitFileType = wrapper.cfbundle; includeInIndex = 0; path = procTests.xctest; sourceTree = BUILT_PRODUCTS_DIR; };
		B838072920EDC00900A46B20 /* procTests.swift */ = {isa = PBXFileReference; lastKnownFileType = sourcecode.swift; path = procTests.swift; sourceTree = "<group>"; };
		B838072B20EDC00900A46B20 /* Info.plist */ = {isa = PBXFileReference; lastKnownFileType = text.plist.xml; path = Info.plist; sourceTree = "<group>"; };
		B838073020EDC00900A46B20 /* procUITests.xctest */ = {isa = PBXFileReference; explicitFileType = wrapper.cfbundle; includeInIndex = 0; path = procUITests.xctest; sourceTree = BUILT_PRODUCTS_DIR; };
		B838073420EDC00900A46B20 /* procUITests.swift */ = {isa = PBXFileReference; lastKnownFileType = sourcecode.swift; path = procUITests.swift; sourceTree = "<group>"; };
		B838073620EDC00900A46B20 /* Info.plist */ = {isa = PBXFileReference; lastKnownFileType = text.plist.xml; path = Info.plist; sourceTree = "<group>"; };
		B851460B20EF4608000E6C4E /* CompleteViewController.swift */ = {isa = PBXFileReference; lastKnownFileType = sourcecode.swift; path = CompleteViewController.swift; sourceTree = "<group>"; };
		B8B55B7F20FF24C10028B233 /* StoreChartTableViewController.swift */ = {isa = PBXFileReference; lastKnownFileType = sourcecode.swift; path = StoreChartTableViewController.swift; sourceTree = "<group>"; };
		B8C566B9210AC312001D470A /* StoreModel.swift */ = {isa = PBXFileReference; lastKnownFileType = sourcecode.swift; path = StoreModel.swift; sourceTree = "<group>"; };
		B8C566BB210AC3A7001D470A /* ScheduleModel.swift */ = {isa = PBXFileReference; lastKnownFileType = sourcecode.swift; path = ScheduleModel.swift; sourceTree = "<group>"; };
		B8DFC23D2106D13B00626614 /* ScheduleTableViewController.swift */ = {isa = PBXFileReference; lastKnownFileType = sourcecode.swift; path = ScheduleTableViewController.swift; sourceTree = "<group>"; };
		B8DFC23F2106D6AC00626614 /* ScheduleChartCell.swift */ = {isa = PBXFileReference; lastKnownFileType = sourcecode.swift; path = ScheduleChartCell.swift; sourceTree = "<group>"; };
		B8DFC2412106EC3500626614 /* ScheduleViewController.swift */ = {isa = PBXFileReference; lastKnownFileType = sourcecode.swift; path = ScheduleViewController.swift; sourceTree = "<group>"; };
		B8DFC246210710BF00626614 /* StoreCharCell_More.swift */ = {isa = PBXFileReference; lastKnownFileType = sourcecode.swift; path = StoreCharCell_More.swift; sourceTree = "<group>"; };
		B8F2B3512109FAAB008FC382 /* ScheduleLittleTableCell.swift */ = {isa = PBXFileReference; lastKnownFileType = sourcecode.swift; path = ScheduleLittleTableCell.swift; sourceTree = "<group>"; };
		B8FE6B7421074DEB00C471FB /* AddStoreViewController.swift */ = {isa = PBXFileReference; lastKnownFileType = sourcecode.swift; path = AddStoreViewController.swift; sourceTree = "<group>"; };
		CA809CB3A8C0B1845755A6AE /* Pods-proc.release.xcconfig */ = {isa = PBXFileReference; includeInIndex = 1; lastKnownFileType = text.xcconfig; name = "Pods-proc.release.xcconfig"; path = "Pods/Target Support Files/Pods-proc/Pods-proc.release.xcconfig"; sourceTree = "<group>"; };
		CE2034D60A2D3375CB5FB29D /* Pods_procTests.framework */ = {isa = PBXFileReference; explicitFileType = wrapper.framework; includeInIndex = 0; path = Pods_procTests.framework; sourceTree = BUILT_PRODUCTS_DIR; };
/* End PBXFileReference section */

/* Begin PBXFrameworksBuildPhase section */
		B838070E20EDC00700A46B20 /* Frameworks */ = {
			isa = PBXFrameworksBuildPhase;
			buildActionMask = 2147483647;
			files = (
				A521E423DA2E2F45CCB29B6E /* Pods_proc.framework in Frameworks */,
			);
			runOnlyForDeploymentPostprocessing = 0;
		};
		B838072220EDC00900A46B20 /* Frameworks */ = {
			isa = PBXFrameworksBuildPhase;
			buildActionMask = 2147483647;
			files = (
			);
			runOnlyForDeploymentPostprocessing = 0;
		};
		B838072D20EDC00900A46B20 /* Frameworks */ = {
			isa = PBXFrameworksBuildPhase;
			buildActionMask = 2147483647;
			files = (
			);
			runOnlyForDeploymentPostprocessing = 0;
		};
/* End PBXFrameworksBuildPhase section */

/* Begin PBXGroup section */
		114066CE39B92452BC9B0F68 /* Pods */ = {
			isa = PBXGroup;
			children = (
				24DC7D3C9D0FCFFB0CBC4C28 /* Pods-proc.debug.xcconfig */,
				CA809CB3A8C0B1845755A6AE /* Pods-proc.release.xcconfig */,
			);
			name = Pods;
			sourceTree = "<group>";
		};
		2502E014BC3F234B78868088 /* Frameworks */ = {
			isa = PBXGroup;
			children = (
				98437B6BEF1E17CDECD22727 /* Pods_proc.framework */,
				CE2034D60A2D3375CB5FB29D /* Pods_procTests.framework */,
				2F43A365F08E08E2C0A47016 /* Pods_procUITests.framework */,
			);
			name = Frameworks;
			sourceTree = "<group>";
		};
		B8068A9F20FF3938003BA4CB /* Recovered References */ = {
			isa = PBXGroup;
			children = (
			);
			name = "Recovered References";
			sourceTree = "<group>";
		};
		B838070820EDC00700A46B20 = {
			isa = PBXGroup;
			children = (
				B838071320EDC00700A46B20 /* proc */,
				B838072820EDC00900A46B20 /* procTests */,
				B838073320EDC00900A46B20 /* procUITests */,
				B838071220EDC00700A46B20 /* Products */,
				B8068A9F20FF3938003BA4CB /* Recovered References */,
				114066CE39B92452BC9B0F68 /* Pods */,
				2502E014BC3F234B78868088 /* Frameworks */,
			);
			sourceTree = "<group>";
		};
		B838071220EDC00700A46B20 /* Products */ = {
			isa = PBXGroup;
			children = (
				B838071120EDC00700A46B20 /* proc.app */,
				B838072520EDC00900A46B20 /* procTests.xctest */,
				B838073020EDC00900A46B20 /* procUITests.xctest */,
			);
			name = Products;
			sourceTree = "<group>";
		};
		B838071320EDC00700A46B20 /* proc */ = {
			isa = PBXGroup;
			children = (
				B8DFC2452106EEAD00626614 /* Home */,
				B8DFC2442106EE6600626614 /* Schedule */,
				B8DFC2432106EE1300626614 /* Store */,
				B838071620EDC00700A46B20 /* ViewController.swift */,
				B838071820EDC00700A46B20 /* Main.storyboard */,
				B851460B20EF4608000E6C4E /* CompleteViewController.swift */,
				B838071B20EDC00900A46B20 /* Assets.xcassets */,
				B838071D20EDC00900A46B20 /* LaunchScreen.storyboard */,
				B838072020EDC00900A46B20 /* Info.plist */,
				90CE556C2107342000E20EC7 /* AppDelegate.swift */,
				B817E0A320FC900D00B2A37C /* Staff.storyboard */,
			);
			path = proc;
			sourceTree = "<group>";
		};
		B838072820EDC00900A46B20 /* procTests */ = {
			isa = PBXGroup;
			children = (
				B838072920EDC00900A46B20 /* procTests.swift */,
				B838072B20EDC00900A46B20 /* Info.plist */,
			);
			path = procTests;
			sourceTree = "<group>";
		};
		B838073320EDC00900A46B20 /* procUITests */ = {
			isa = PBXGroup;
			children = (
				B838073420EDC00900A46B20 /* procUITests.swift */,
				B838073620EDC00900A46B20 /* Info.plist */,
			);
			path = procUITests;
			sourceTree = "<group>";
		};
		B8DFC2432106EE1300626614 /* Store */ = {
			isa = PBXGroup;
			children = (
				692965C62109DF38000AD605 /* Storechart.storyboard */,
				90CE5570210875C900E20EC7 /* Radiobutton.swift */,
				B8B55B7F20FF24C10028B233 /* StoreChartTableViewController.swift */,
				B8DFC246210710BF00626614 /* StoreCharCell_More.swift */,
				B8FE6B7421074DEB00C471FB /* AddStoreViewController.swift */,
				692965C8210AEE21000AD605 /* StoreModel.swift */,
				B8C566B9210AC312001D470A /* StoreModel.swift */,
			);
			path = Store;
			sourceTree = "<group>";
		};
		B8DFC2442106EE6600626614 /* Schedule */ = {
			isa = PBXGroup;
			children = (
				B817E0A120FC8FF400B2A37C /* Schedule.storyboard */,
				90A5740C2109E18D008200C8 /* ScheduleDataModel.swift */,
				B8DFC2412106EC3500626614 /* ScheduleViewController.swift */,
				B8DFC23F2106D6AC00626614 /* ScheduleChartCell.swift */,
				B8DFC23D2106D13B00626614 /* ScheduleTableViewController.swift */,
				B8119A33210998DB00C0D6EE /* ScheduleAddViewController.swift */,
				B8F2B3512109FAAB008FC382 /* ScheduleLittleTableCell.swift */,
				B8C566BB210AC3A7001D470A /* ScheduleModel.swift */,
			);
			path = Schedule;
			sourceTree = "<group>";
		};
		B8DFC2452106EEAD00626614 /* Home */ = {
			isa = PBXGroup;
			children = (
				69EBD6F32100719C006B055B /* HomeViewController.swift */,
				59CEA7A720FC81D700847485 /* Home.storyboard */,
				B8119A2F2109763400C0D6EE /* HomeDateModel.swift */,
				B80B28ED2109B9CE00413049 /* HomeChartCell.swift */,
				B80B28EF2109B9FB00413049 /* HomeTableViewController.swift */,
			);
			path = Home;
			sourceTree = "<group>";
		};
/* End PBXGroup section */

/* Begin PBXNativeTarget section */
		B838071020EDC00700A46B20 /* proc */ = {
			isa = PBXNativeTarget;
			buildConfigurationList = B838073920EDC00900A46B20 /* Build configuration list for PBXNativeTarget "proc" */;
			buildPhases = (
				3A108CEC6261DD28972D38E2 /* [CP] Check Pods Manifest.lock */,
				B838070D20EDC00700A46B20 /* Sources */,
				B838070E20EDC00700A46B20 /* Frameworks */,
				B838070F20EDC00700A46B20 /* Resources */,
				30908209FF40B3F5629D5E43 /* [CP] Embed Pods Frameworks */,
			);
			buildRules = (
			);
			dependencies = (
			);
			name = proc;
			productName = proc;
			productReference = B838071120EDC00700A46B20 /* proc.app */;
			productType = "com.apple.product-type.application";
		};
		B838072420EDC00900A46B20 /* procTests */ = {
			isa = PBXNativeTarget;
			buildConfigurationList = B838073C20EDC00900A46B20 /* Build configuration list for PBXNativeTarget "procTests" */;
			buildPhases = (
				B838072120EDC00900A46B20 /* Sources */,
				B838072220EDC00900A46B20 /* Frameworks */,
				B838072320EDC00900A46B20 /* Resources */,
			);
			buildRules = (
			);
			dependencies = (
				B838072720EDC00900A46B20 /* PBXTargetDependency */,
			);
			name = procTests;
			productName = procTests;
			productReference = B838072520EDC00900A46B20 /* procTests.xctest */;
			productType = "com.apple.product-type.bundle.unit-test";
		};
		B838072F20EDC00900A46B20 /* procUITests */ = {
			isa = PBXNativeTarget;
			buildConfigurationList = B838073F20EDC00900A46B20 /* Build configuration list for PBXNativeTarget "procUITests" */;
			buildPhases = (
				B838072C20EDC00900A46B20 /* Sources */,
				B838072D20EDC00900A46B20 /* Frameworks */,
				B838072E20EDC00900A46B20 /* Resources */,
			);
			buildRules = (
			);
			dependencies = (
				B838073220EDC00900A46B20 /* PBXTargetDependency */,
			);
			name = procUITests;
			productName = procUITests;
			productReference = B838073020EDC00900A46B20 /* procUITests.xctest */;
			productType = "com.apple.product-type.bundle.ui-testing";
		};
/* End PBXNativeTarget section */

/* Begin PBXProject section */
		B838070920EDC00700A46B20 /* Project object */ = {
			isa = PBXProject;
			attributes = {
				LastSwiftUpdateCheck = 0940;
				LastUpgradeCheck = 0940;
				ORGANIZATIONNAME = "swuad-19";
				TargetAttributes = {
					B838071020EDC00700A46B20 = {
						CreatedOnToolsVersion = 9.4.1;
					};
					B838072420EDC00900A46B20 = {
						CreatedOnToolsVersion = 9.4.1;
						TestTargetID = B838071020EDC00700A46B20;
					};
					B838072F20EDC00900A46B20 = {
						CreatedOnToolsVersion = 9.4.1;
						TestTargetID = B838071020EDC00700A46B20;
					};
				};
			};
			buildConfigurationList = B838070C20EDC00700A46B20 /* Build configuration list for PBXProject "proc" */;
			compatibilityVersion = "Xcode 9.3";
			developmentRegion = en;
			hasScannedForEncodings = 0;
			knownRegions = (
				en,
				Base,
			);
			mainGroup = B838070820EDC00700A46B20;
			productRefGroup = B838071220EDC00700A46B20 /* Products */;
			projectDirPath = "";
			projectRoot = "";
			targets = (
				B838071020EDC00700A46B20 /* proc */,
				B838072420EDC00900A46B20 /* procTests */,
				B838072F20EDC00900A46B20 /* procUITests */,
			);
		};
/* End PBXProject section */

/* Begin PBXResourcesBuildPhase section */
		B838070F20EDC00700A46B20 /* Resources */ = {
			isa = PBXResourcesBuildPhase;
			buildActionMask = 2147483647;
			files = (
				B838071F20EDC00900A46B20 /* LaunchScreen.storyboard in Resources */,
				B817E0A420FC900D00B2A37C /* Staff.storyboard in Resources */,
				59CEA7A820FC81D700847485 /* Home.storyboard in Resources */,
				B838071C20EDC00900A46B20 /* Assets.xcassets in Resources */,
				B838071A20EDC00700A46B20 /* Main.storyboard in Resources */,
				692965C72109DF38000AD605 /* Storechart.storyboard in Resources */,
				B817E0A220FC8FF400B2A37C /* Schedule.storyboard in Resources */,
			);
			runOnlyForDeploymentPostprocessing = 0;
		};
		B838072320EDC00900A46B20 /* Resources */ = {
			isa = PBXResourcesBuildPhase;
			buildActionMask = 2147483647;
			files = (
			);
			runOnlyForDeploymentPostprocessing = 0;
		};
		B838072E20EDC00900A46B20 /* Resources */ = {
			isa = PBXResourcesBuildPhase;
			buildActionMask = 2147483647;
			files = (
			);
			runOnlyForDeploymentPostprocessing = 0;
		};
/* End PBXResourcesBuildPhase section */

/* Begin PBXShellScriptBuildPhase section */
		30908209FF40B3F5629D5E43 /* [CP] Embed Pods Frameworks */ = {
			isa = PBXShellScriptBuildPhase;
			buildActionMask = 2147483647;
			files = (
			);
			inputPaths = (
				"${SRCROOT}/Pods/Target Support Files/Pods-proc/Pods-proc-frameworks.sh",
				"${BUILT_PRODUCTS_DIR}/FSCalendar/FSCalendar.framework",
				"${BUILT_PRODUCTS_DIR}/JTAppleCalendar/JTAppleCalendar.framework",
			);
			name = "[CP] Embed Pods Frameworks";
			outputPaths = (
				"${TARGET_BUILD_DIR}/${FRAMEWORKS_FOLDER_PATH}/FSCalendar.framework",
				"${TARGET_BUILD_DIR}/${FRAMEWORKS_FOLDER_PATH}/JTAppleCalendar.framework",
			);
			runOnlyForDeploymentPostprocessing = 0;
			shellPath = /bin/sh;
			shellScript = "\"${SRCROOT}/Pods/Target Support Files/Pods-proc/Pods-proc-frameworks.sh\"\n";
			showEnvVarsInLog = 0;
		};
		3A108CEC6261DD28972D38E2 /* [CP] Check Pods Manifest.lock */ = {
			isa = PBXShellScriptBuildPhase;
			buildActionMask = 2147483647;
			files = (
			);
			inputPaths = (
				"${PODS_PODFILE_DIR_PATH}/Podfile.lock",
				"${PODS_ROOT}/Manifest.lock",
			);
			name = "[CP] Check Pods Manifest.lock";
			outputPaths = (
				"$(DERIVED_FILE_DIR)/Pods-proc-checkManifestLockResult.txt",
			);
			runOnlyForDeploymentPostprocessing = 0;
			shellPath = /bin/sh;
			shellScript = "diff \"${PODS_PODFILE_DIR_PATH}/Podfile.lock\" \"${PODS_ROOT}/Manifest.lock\" > /dev/null\nif [ $? != 0 ] ; then\n    # print error to STDERR\n    echo \"error: The sandbox is not in sync with the Podfile.lock. Run 'pod install' or update your CocoaPods installation.\" >&2\n    exit 1\nfi\n# This output is used by Xcode 'outputs' to avoid re-running this script phase.\necho \"SUCCESS\" > \"${SCRIPT_OUTPUT_FILE_0}\"\n";
			showEnvVarsInLog = 0;
		};
/* End PBXShellScriptBuildPhase section */

/* Begin PBXSourcesBuildPhase section */
		B838070D20EDC00700A46B20 /* Sources */ = {
			isa = PBXSourcesBuildPhase;
			buildActionMask = 2147483647;
			files = (
				B8119A302109763400C0D6EE /* HomeDateModel.swift in Sources */,
				B8F2B3522109FAAB008FC382 /* ScheduleLittleTableCell.swift in Sources */,
				B8DFC247210710BF00626614 /* StoreCharCell_More.swift in Sources */,
				B8DFC2422106EC3500626614 /* ScheduleViewController.swift in Sources */,
				692965C9210AEE21000AD605 /* StoreModel.swift in Sources */,
				B8DFC23E2106D13B00626614 /* ScheduleTableViewController.swift in Sources */,
				B8119A34210998DB00C0D6EE /* ScheduleAddViewController.swift in Sources */,
				B80B28F02109B9FB00413049 /* HomeTableViewController.swift in Sources */,
				B838071720EDC00700A46B20 /* ViewController.swift in Sources */,
				90CE5571210875C900E20EC7 /* Radiobutton.swift in Sources */,
				90A5740D2109E18D008200C8 /* ScheduleDataModel.swift in Sources */,
				B8DFC2402106D6AC00626614 /* ScheduleChartCell.swift in Sources */,
				B8C566BA210AC312001D470A /* StoreModel.swift in Sources */,
				B80B28EE2109B9CE00413049 /* HomeChartCell.swift in Sources */,
				90CE556D2107342000E20EC7 /* AppDelegate.swift in Sources */,
				69EBD6F42100719C006B055B /* HomeViewController.swift in Sources */,
				B8B55B8020FF24C10028B233 /* StoreChartTableViewController.swift in Sources */,
				B8FE6B7521074DEB00C471FB /* AddStoreViewController.swift in Sources */,
				B8C566BC210AC3A7001D470A /* ScheduleModel.swift in Sources */,
				B851460C20EF4608000E6C4E /* CompleteViewController.swift in Sources */,
			);
			runOnlyForDeploymentPostprocessing = 0;
		};
		B838072120EDC00900A46B20 /* Sources */ = {
			isa = PBXSourcesBuildPhase;
			buildActionMask = 2147483647;
			files = (
				B838072A20EDC00900A46B20 /* procTests.swift in Sources */,
			);
			runOnlyForDeploymentPostprocessing = 0;
		};
		B838072C20EDC00900A46B20 /* Sources */ = {
			isa = PBXSourcesBuildPhase;
			buildActionMask = 2147483647;
			files = (
				B838073520EDC00900A46B20 /* procUITests.swift in Sources */,
			);
			runOnlyForDeploymentPostprocessing = 0;
		};
/* End PBXSourcesBuildPhase section */

/* Begin PBXTargetDependency section */
		B838072720EDC00900A46B20 /* PBXTargetDependency */ = {
			isa = PBXTargetDependency;
			target = B838071020EDC00700A46B20 /* proc */;
			targetProxy = B838072620EDC00900A46B20 /* PBXContainerItemProxy */;
		};
		B838073220EDC00900A46B20 /* PBXTargetDependency */ = {
			isa = PBXTargetDependency;
			target = B838071020EDC00700A46B20 /* proc */;
			targetProxy = B838073120EDC00900A46B20 /* PBXContainerItemProxy */;
		};
/* End PBXTargetDependency section */

/* Begin PBXVariantGroup section */
		B838071820EDC00700A46B20 /* Main.storyboard */ = {
			isa = PBXVariantGroup;
			children = (
				B838071920EDC00700A46B20 /* Base */,
			);
			name = Main.storyboard;
			sourceTree = "<group>";
		};
		B838071D20EDC00900A46B20 /* LaunchScreen.storyboard */ = {
			isa = PBXVariantGroup;
			children = (
				B838071E20EDC00900A46B20 /* Base */,
			);
			name = LaunchScreen.storyboard;
			sourceTree = "<group>";
		};
/* End PBXVariantGroup section */

/* Begin XCBuildConfiguration section */
		B838073720EDC00900A46B20 /* Debug */ = {
			isa = XCBuildConfiguration;
			buildSettings = {
				ALWAYS_SEARCH_USER_PATHS = NO;
				CLANG_ANALYZER_NONNULL = YES;
				CLANG_ANALYZER_NUMBER_OBJECT_CONVERSION = YES_AGGRESSIVE;
				CLANG_CXX_LANGUAGE_STANDARD = "gnu++14";
				CLANG_CXX_LIBRARY = "libc++";
				CLANG_ENABLE_MODULES = YES;
				CLANG_ENABLE_OBJC_ARC = YES;
				CLANG_ENABLE_OBJC_WEAK = YES;
				CLANG_WARN_BLOCK_CAPTURE_AUTORELEASING = YES;
				CLANG_WARN_BOOL_CONVERSION = YES;
				CLANG_WARN_COMMA = YES;
				CLANG_WARN_CONSTANT_CONVERSION = YES;
				CLANG_WARN_DEPRECATED_OBJC_IMPLEMENTATIONS = YES;
				CLANG_WARN_DIRECT_OBJC_ISA_USAGE = YES_ERROR;
				CLANG_WARN_DOCUMENTATION_COMMENTS = YES;
				CLANG_WARN_EMPTY_BODY = YES;
				CLANG_WARN_ENUM_CONVERSION = YES;
				CLANG_WARN_INFINITE_RECURSION = YES;
				CLANG_WARN_INT_CONVERSION = YES;
				CLANG_WARN_NON_LITERAL_NULL_CONVERSION = YES;
				CLANG_WARN_OBJC_IMPLICIT_RETAIN_SELF = YES;
				CLANG_WARN_OBJC_LITERAL_CONVERSION = YES;
				CLANG_WARN_OBJC_ROOT_CLASS = YES_ERROR;
				CLANG_WARN_RANGE_LOOP_ANALYSIS = YES;
				CLANG_WARN_STRICT_PROTOTYPES = YES;
				CLANG_WARN_SUSPICIOUS_MOVE = YES;
				CLANG_WARN_UNGUARDED_AVAILABILITY = YES_AGGRESSIVE;
				CLANG_WARN_UNREACHABLE_CODE = YES;
				CLANG_WARN__DUPLICATE_METHOD_MATCH = YES;
				CODE_SIGN_IDENTITY = "iPhone Developer";
				COPY_PHASE_STRIP = NO;
				DEBUG_INFORMATION_FORMAT = dwarf;
				ENABLE_STRICT_OBJC_MSGSEND = YES;
				ENABLE_TESTABILITY = YES;
				GCC_C_LANGUAGE_STANDARD = gnu11;
				GCC_DYNAMIC_NO_PIC = NO;
				GCC_NO_COMMON_BLOCKS = YES;
				GCC_OPTIMIZATION_LEVEL = 0;
				GCC_PREPROCESSOR_DEFINITIONS = (
					"DEBUG=1",
					"$(inherited)",
				);
				GCC_WARN_64_TO_32_BIT_CONVERSION = YES;
				GCC_WARN_ABOUT_RETURN_TYPE = YES_ERROR;
				GCC_WARN_UNDECLARED_SELECTOR = YES;
				GCC_WARN_UNINITIALIZED_AUTOS = YES_AGGRESSIVE;
				GCC_WARN_UNUSED_FUNCTION = YES;
				GCC_WARN_UNUSED_VARIABLE = YES;
				IPHONEOS_DEPLOYMENT_TARGET = 11.4;
				MTL_ENABLE_DEBUG_INFO = YES;
				ONLY_ACTIVE_ARCH = YES;
				SDKROOT = iphoneos;
				SWIFT_ACTIVE_COMPILATION_CONDITIONS = DEBUG;
				SWIFT_OPTIMIZATION_LEVEL = "-Onone";
			};
			name = Debug;
		};
		B838073820EDC00900A46B20 /* Release */ = {
			isa = XCBuildConfiguration;
			buildSettings = {
				ALWAYS_SEARCH_USER_PATHS = NO;
				CLANG_ANALYZER_NONNULL = YES;
				CLANG_ANALYZER_NUMBER_OBJECT_CONVERSION = YES_AGGRESSIVE;
				CLANG_CXX_LANGUAGE_STANDARD = "gnu++14";
				CLANG_CXX_LIBRARY = "libc++";
				CLANG_ENABLE_MODULES = YES;
				CLANG_ENABLE_OBJC_ARC = YES;
				CLANG_ENABLE_OBJC_WEAK = YES;
				CLANG_WARN_BLOCK_CAPTURE_AUTORELEASING = YES;
				CLANG_WARN_BOOL_CONVERSION = YES;
				CLANG_WARN_COMMA = YES;
				CLANG_WARN_CONSTANT_CONVERSION = YES;
				CLANG_WARN_DEPRECATED_OBJC_IMPLEMENTATIONS = YES;
				CLANG_WARN_DIRECT_OBJC_ISA_USAGE = YES_ERROR;
				CLANG_WARN_DOCUMENTATION_COMMENTS = YES;
				CLANG_WARN_EMPTY_BODY = YES;
				CLANG_WARN_ENUM_CONVERSION = YES;
				CLANG_WARN_INFINITE_RECURSION = YES;
				CLANG_WARN_INT_CONVERSION = YES;
				CLANG_WARN_NON_LITERAL_NULL_CONVERSION = YES;
				CLANG_WARN_OBJC_IMPLICIT_RETAIN_SELF = YES;
				CLANG_WARN_OBJC_LITERAL_CONVERSION = YES;
				CLANG_WARN_OBJC_ROOT_CLASS = YES_ERROR;
				CLANG_WARN_RANGE_LOOP_ANALYSIS = YES;
				CLANG_WARN_STRICT_PROTOTYPES = YES;
				CLANG_WARN_SUSPICIOUS_MOVE = YES;
				CLANG_WARN_UNGUARDED_AVAILABILITY = YES_AGGRESSIVE;
				CLANG_WARN_UNREACHABLE_CODE = YES;
				CLANG_WARN__DUPLICATE_METHOD_MATCH = YES;
				CODE_SIGN_IDENTITY = "iPhone Developer";
				COPY_PHASE_STRIP = NO;
				DEBUG_INFORMATION_FORMAT = "dwarf-with-dsym";
				ENABLE_NS_ASSERTIONS = NO;
				ENABLE_STRICT_OBJC_MSGSEND = YES;
				GCC_C_LANGUAGE_STANDARD = gnu11;
				GCC_NO_COMMON_BLOCKS = YES;
				GCC_WARN_64_TO_32_BIT_CONVERSION = YES;
				GCC_WARN_ABOUT_RETURN_TYPE = YES_ERROR;
				GCC_WARN_UNDECLARED_SELECTOR = YES;
				GCC_WARN_UNINITIALIZED_AUTOS = YES_AGGRESSIVE;
				GCC_WARN_UNUSED_FUNCTION = YES;
				GCC_WARN_UNUSED_VARIABLE = YES;
				IPHONEOS_DEPLOYMENT_TARGET = 11.4;
				MTL_ENABLE_DEBUG_INFO = NO;
				SDKROOT = iphoneos;
				SWIFT_COMPILATION_MODE = wholemodule;
				SWIFT_OPTIMIZATION_LEVEL = "-O";
				VALIDATE_PRODUCT = YES;
			};
			name = Release;
		};
		B838073A20EDC00900A46B20 /* Debug */ = {
			isa = XCBuildConfiguration;
			baseConfigurationReference = 24DC7D3C9D0FCFFB0CBC4C28 /* Pods-proc.debug.xcconfig */;
			buildSettings = {
				ASSETCATALOG_COMPILER_APPICON_NAME = AppIcon;
				CODE_SIGN_STYLE = Automatic;
				DEVELOPMENT_TEAM = R4F334UK8Q;
				INFOPLIST_FILE = proc/Info.plist;
				IPHONEOS_DEPLOYMENT_TARGET = 11.2;
				LD_RUNPATH_SEARCH_PATHS = (
					"$(inherited)",
					"@executable_path/Frameworks",
				);
				PRODUCT_BUNDLE_IDENTIFIER = com.ebabac.proc;
				PRODUCT_NAME = "$(TARGET_NAME)";
				SWIFT_VERSION = 4.0;
				TARGETED_DEVICE_FAMILY = "1,2";
			};
			name = Debug;
		};
		B838073B20EDC00900A46B20 /* Release */ = {
			isa = XCBuildConfiguration;
			baseConfigurationReference = CA809CB3A8C0B1845755A6AE /* Pods-proc.release.xcconfig */;
			buildSettings = {
				ASSETCATALOG_COMPILER_APPICON_NAME = AppIcon;
				CODE_SIGN_STYLE = Automatic;
				DEVELOPMENT_TEAM = R4F334UK8Q;
				INFOPLIST_FILE = proc/Info.plist;
				IPHONEOS_DEPLOYMENT_TARGET = 11.2;
				LD_RUNPATH_SEARCH_PATHS = (
					"$(inherited)",
					"@executable_path/Frameworks",
				);
				PRODUCT_BUNDLE_IDENTIFIER = com.ebabac.proc;
				PRODUCT_NAME = "$(TARGET_NAME)";
				SWIFT_VERSION = 4.0;
				TARGETED_DEVICE_FAMILY = "1,2";
			};
			name = Release;
		};
		B838073D20EDC00900A46B20 /* Debug */ = {
			isa = XCBuildConfiguration;
			buildSettings = {
				ALWAYS_EMBED_SWIFT_STANDARD_LIBRARIES = YES;
				BUNDLE_LOADER = "$(TEST_HOST)";
				CODE_SIGN_STYLE = Automatic;
				INFOPLIST_FILE = procTests/Info.plist;
				LD_RUNPATH_SEARCH_PATHS = (
					"$(inherited)",
					"@executable_path/Frameworks",
					"@loader_path/Frameworks",
				);
				PRODUCT_BUNDLE_IDENTIFIER = com.ebabac.procTests;
				PRODUCT_NAME = "$(TARGET_NAME)";
				SWIFT_VERSION = 4.0;
				TARGETED_DEVICE_FAMILY = "1,2";
				TEST_HOST = "$(BUILT_PRODUCTS_DIR)/proc.app/proc";
			};
			name = Debug;
		};
		B838073E20EDC00900A46B20 /* Release */ = {
			isa = XCBuildConfiguration;
			buildSettings = {
				ALWAYS_EMBED_SWIFT_STANDARD_LIBRARIES = YES;
				BUNDLE_LOADER = "$(TEST_HOST)";
				CODE_SIGN_STYLE = Automatic;
				INFOPLIST_FILE = procTests/Info.plist;
				LD_RUNPATH_SEARCH_PATHS = (
					"$(inherited)",
					"@executable_path/Frameworks",
					"@loader_path/Frameworks",
				);
				PRODUCT_BUNDLE_IDENTIFIER = com.ebabac.procTests;
				PRODUCT_NAME = "$(TARGET_NAME)";
				SWIFT_VERSION = 4.0;
				TARGETED_DEVICE_FAMILY = "1,2";
				TEST_HOST = "$(BUILT_PRODUCTS_DIR)/proc.app/proc";
			};
			name = Release;
		};
		B838074020EDC00900A46B20 /* Debug */ = {
			isa = XCBuildConfiguration;
			buildSettings = {
				ALWAYS_EMBED_SWIFT_STANDARD_LIBRARIES = YES;
				CODE_SIGN_STYLE = Automatic;
				INFOPLIST_FILE = procUITests/Info.plist;
				LD_RUNPATH_SEARCH_PATHS = (
					"$(inherited)",
					"@executable_path/Frameworks",
					"@loader_path/Frameworks",
				);
				PRODUCT_BUNDLE_IDENTIFIER = com.ebabac.procUITests;
				PRODUCT_NAME = "$(TARGET_NAME)";
				SWIFT_VERSION = 4.0;
				TARGETED_DEVICE_FAMILY = "1,2";
				TEST_TARGET_NAME = proc;
			};
			name = Debug;
		};
		B838074120EDC00900A46B20 /* Release */ = {
			isa = XCBuildConfiguration;
			buildSettings = {
				ALWAYS_EMBED_SWIFT_STANDARD_LIBRARIES = YES;
				CODE_SIGN_STYLE = Automatic;
				INFOPLIST_FILE = procUITests/Info.plist;
				LD_RUNPATH_SEARCH_PATHS = (
					"$(inherited)",
					"@executable_path/Frameworks",
					"@loader_path/Frameworks",
				);
				PRODUCT_BUNDLE_IDENTIFIER = com.ebabac.procUITests;
				PRODUCT_NAME = "$(TARGET_NAME)";
				SWIFT_VERSION = 4.0;
				TARGETED_DEVICE_FAMILY = "1,2";
				TEST_TARGET_NAME = proc;
			};
			name = Release;
		};
/* End XCBuildConfiguration section */

/* Begin XCConfigurationList section */
		B838070C20EDC00700A46B20 /* Build configuration list for PBXProject "proc" */ = {
			isa = XCConfigurationList;
			buildConfigurations = (
				B838073720EDC00900A46B20 /* Debug */,
				B838073820EDC00900A46B20 /* Release */,
			);
			defaultConfigurationIsVisible = 0;
			defaultConfigurationName = Release;
		};
		B838073920EDC00900A46B20 /* Build configuration list for PBXNativeTarget "proc" */ = {
			isa = XCConfigurationList;
			buildConfigurations = (
				B838073A20EDC00900A46B20 /* Debug */,
				B838073B20EDC00900A46B20 /* Release */,
			);
			defaultConfigurationIsVisible = 0;
			defaultConfigurationName = Release;
		};
		B838073C20EDC00900A46B20 /* Build configuration list for PBXNativeTarget "procTests" */ = {
			isa = XCConfigurationList;
			buildConfigurations = (
				B838073D20EDC00900A46B20 /* Debug */,
				B838073E20EDC00900A46B20 /* Release */,
			);
			defaultConfigurationIsVisible = 0;
			defaultConfigurationName = Release;
		};
		B838073F20EDC00900A46B20 /* Build configuration list for PBXNativeTarget "procUITests" */ = {
			isa = XCConfigurationList;
			buildConfigurations = (
				B838074020EDC00900A46B20 /* Debug */,
				B838074120EDC00900A46B20 /* Release */,
			);
			defaultConfigurationIsVisible = 0;
			defaultConfigurationName = Release;
		};
/* End XCConfigurationList section */
	};
	rootObject = B838070920EDC00700A46B20 /* Project object */;
}
