// !$*UTF8*$!
{
	archiveVersion = 1;
	classes = {
	};
	objectVersion = 50;
	objects = {

/* Begin PBXBuildFile section */
		59CEA7A820FC81D700847485 /* Home.storyboard in Resources */ = {isa = PBXBuildFile; fileRef = 59CEA7A720FC81D700847485 /* Home.storyboard */; };
		90476C4320FF26D2004F1E6B /* StockViewController.swift in Sources */ = {isa = PBXBuildFile; fileRef = 90476C4220FF26D2004F1E6B /* StockViewController.swift */; };
		B817E0A220FC8FF400B2A37C /* Schedule.storyboard in Resources */ = {isa = PBXBuildFile; fileRef = B817E0A120FC8FF400B2A37C /* Schedule.storyboard */; };
		B817E0A420FC900D00B2A37C /* Staff.storyboard in Resources */ = {isa = PBXBuildFile; fileRef = B817E0A320FC900D00B2A37C /* Staff.storyboard */; };
		B817E0A720FC903200B2A37C /* Storechart.storyboard in Resources */ = {isa = PBXBuildFile; fileRef = B817E0A620FC903200B2A37C /* Storechart.storyboard */; };
		B838071520EDC00700A46B20 /* AppDelegate.swift in Sources */ = {isa = PBXBuildFile; fileRef = B838071420EDC00700A46B20 /* AppDelegate.swift */; };
		B838071720EDC00700A46B20 /* ViewController.swift in Sources */ = {isa = PBXBuildFile; fileRef = B838071620EDC00700A46B20 /* ViewController.swift */; };
		B838071A20EDC00700A46B20 /* Main.storyboard in Resources */ = {isa = PBXBuildFile; fileRef = B838071820EDC00700A46B20 /* Main.storyboard */; };
		B838071C20EDC00900A46B20 /* Assets.xcassets in Resources */ = {isa = PBXBuildFile; fileRef = B838071B20EDC00900A46B20 /* Assets.xcassets */; };
		B838071F20EDC00900A46B20 /* LaunchScreen.storyboard in Resources */ = {isa = PBXBuildFile; fileRef = B838071D20EDC00900A46B20 /* LaunchScreen.storyboard */; };
		B838072A20EDC00900A46B20 /* procTests.swift in Sources */ = {isa = PBXBuildFile; fileRef = B838072920EDC00900A46B20 /* procTests.swift */; };
		B838073520EDC00900A46B20 /* procUITests.swift in Sources */ = {isa = PBXBuildFile; fileRef = B838073420EDC00900A46B20 /* procUITests.swift */; };
		B851460C20EF4608000E6C4E /* CompleteViewController.swift in Sources */ = {isa = PBXBuildFile; fileRef = B851460B20EF4608000E6C4E /* CompleteViewController.swift */; };
		B85366CD20F2FD3D00253BCC /* PopupView.swift in Sources */ = {isa = PBXBuildFile; fileRef = B85366CC20F2FD3D00253BCC /* PopupView.swift */; };
		B85366DB20F3053400253BCC /* CHContentViewController.swift in Sources */ = {isa = PBXBuildFile; fileRef = B85366CF20F3053300253BCC /* CHContentViewController.swift */; };
		B85366DC20F3053400253BCC /* CHControls.swift in Sources */ = {isa = PBXBuildFile; fileRef = B85366D020F3053300253BCC /* CHControls.swift */; };
		B85366DD20F3053400253BCC /* DrawingCanvasView.swift in Sources */ = {isa = PBXBuildFile; fileRef = B85366D120F3053300253BCC /* DrawingCanvasView.swift */; };
		B85366DE20F3053400253BCC /* CHPagingScrollViewController.swift in Sources */ = {isa = PBXBuildFile; fileRef = B85366D220F3053300253BCC /* CHPagingScrollViewController.swift */; };
		B85366DF20F3053400253BCC /* RecordButton.swift in Sources */ = {isa = PBXBuildFile; fileRef = B85366D320F3053300253BCC /* RecordButton.swift */; };
		B85366E020F3053400253BCC /* CHModalViewController.swift in Sources */ = {isa = PBXBuildFile; fileRef = B85366D420F3053300253BCC /* CHModalViewController.swift */; };
		B85366E120F3053400253BCC /* NavigationControllers.swift in Sources */ = {isa = PBXBuildFile; fileRef = B85366D520F3053300253BCC /* NavigationControllers.swift */; };
		B85366E220F3053400253BCC /* CHPickerViewController.swift in Sources */ = {isa = PBXBuildFile; fileRef = B85366D620F3053300253BCC /* CHPickerViewController.swift */; };
		B85366E320F3053400253BCC /* CHViews.swift in Sources */ = {isa = PBXBuildFile; fileRef = B85366D720F3053300253BCC /* CHViews.swift */; };
		B85366E420F3053400253BCC /* CHTableViewControllers.swift in Sources */ = {isa = PBXBuildFile; fileRef = B85366D820F3053300253BCC /* CHTableViewControllers.swift */; };
		B85366E520F3053400253BCC /* FIlters.swift in Sources */ = {isa = PBXBuildFile; fileRef = B85366D920F3053300253BCC /* FIlters.swift */; };
		B85366E620F3053400253BCC /* SwipeActionTableViewCell.swift in Sources */ = {isa = PBXBuildFile; fileRef = B85366DA20F3053400253BCC /* SwipeActionTableViewCell.swift */; };
		B85366E820F3147500253BCC /* UIViewController+Navigation.swift in Sources */ = {isa = PBXBuildFile; fileRef = B85366E720F3147500253BCC /* UIViewController+Navigation.swift */; };
		B8B55B8020FF24C10028B233 /* StoreChartListViewControllerTableViewController.swift in Sources */ = {isa = PBXBuildFile; fileRef = B8B55B7F20FF24C10028B233 /* StoreChartListViewControllerTableViewController.swift */; };
		B8B55B8420FF32A00028B233 /* StoreChartCell.swift in Sources */ = {isa = PBXBuildFile; fileRef = B8B55B8320FF32A00028B233 /* StoreChartCell.swift */; };
/* Begin PBXContainerItemProxy section */
		B838072620EDC00900A46B20 /* PBXContainerItemProxy */ = {
			isa = PBXContainerItemProxy;
			containerPortal = B838070920EDC00700A46B20 /* Project object */;
			proxyType = 1;
			remoteGlobalIDString = B838071020EDC00700A46B20;
			remoteInfo = proc;
		};
		B838073120EDC00900A46B20 /* PBXContainerItemProxy */ = {
			isa = PBXContainerItemProxy;
			containerPortal = B838070920EDC00700A46B20 /* Project object */;
			proxyType = 1;
			remoteGlobalIDString = B838071020EDC00700A46B20;
			remoteInfo = proc;
		};
/* End PBXContainerItemProxy section */

/* Begin PBXFileReference section */
		59CEA7A720FC81D700847485 /* Home.storyboard */ = {isa = PBXFileReference; lastKnownFileType = file.storyboard; path = Home.storyboard; sourceTree = "<group>"; };
		90476C4220FF26D2004F1E6B /* StockViewController.swift */ = {isa = PBXFileReference; fileEncoding = 4; lastKnownFileType = sourcecode.swift; path = StockViewController.swift; sourceTree = "<group>"; };
		B817E0A120FC8FF400B2A37C /* Schedule.storyboard */ = {isa = PBXFileReference; lastKnownFileType = file.storyboard; path = Schedule.storyboard; sourceTree = "<group>"; };
		B817E0A320FC900D00B2A37C /* Staff.storyboard */ = {isa = PBXFileReference; lastKnownFileType = file.storyboard; path = Staff.storyboard; sourceTree = "<group>"; };
		B817E0A620FC903200B2A37C /* Storechart.storyboard */ = {isa = PBXFileReference; lastKnownFileType = file.storyboard; path = Storechart.storyboard; sourceTree = "<group>"; };
		B838071120EDC00700A46B20 /* proc.app */ = {isa = PBXFileReference; explicitFileType = wrapper.application; includeInIndex = 0; path = proc.app; sourceTree = BUILT_PRODUCTS_DIR; };
		B838071420EDC00700A46B20 /* AppDelegate.swift */ = {isa = PBXFileReference; lastKnownFileType = sourcecode.swift; path = AppDelegate.swift; sourceTree = "<group>"; };
		B838071620EDC00700A46B20 /* ViewController.swift */ = {isa = PBXFileReference; lastKnownFileType = sourcecode.swift; path = ViewController.swift; sourceTree = "<group>"; };
		B838071920EDC00700A46B20 /* Base */ = {isa = PBXFileReference; lastKnownFileType = file.storyboard; name = Base; path = Base.lproj/Main.storyboard; sourceTree = "<group>"; };
		B838071B20EDC00900A46B20 /* Assets.xcassets */ = {isa = PBXFileReference; lastKnownFileType = folder.assetcatalog; path = Assets.xcassets; sourceTree = "<group>"; };
		B838071E20EDC00900A46B20 /* Base */ = {isa = PBXFileReference; lastKnownFileType = file.storyboard; name = Base; path = Base.lproj/LaunchScreen.storyboard; sourceTree = "<group>"; };
		B838072020EDC00900A46B20 /* Info.plist */ = {isa = PBXFileReference; lastKnownFileType = text.plist.xml; path = Info.plist; sourceTree = "<group>"; };
		B838072520EDC00900A46B20 /* procTests.xctest */ = {isa = PBXFileReference; explicitFileType = wrapper.cfbundle; includeInIndex = 0; path = procTests.xctest; sourceTree = BUILT_PRODUCTS_DIR; };
		B838072920EDC00900A46B20 /* procTests.swift */ = {isa = PBXFileReference; lastKnownFileType = sourcecode.swift; path = procTests.swift; sourceTree = "<group>"; };
		B838072B20EDC00900A46B20 /* Info.plist */ = {isa = PBXFileReference; lastKnownFileType = text.plist.xml; path = Info.plist; sourceTree = "<group>"; };
		B838073020EDC00900A46B20 /* procUITests.xctest */ = {isa = PBXFileReference; explicitFileType = wrapper.cfbundle; includeInIndex = 0; path = procUITests.xctest; sourceTree = BUILT_PRODUCTS_DIR; };
		B838073420EDC00900A46B20 /* procUITests.swift */ = {isa = PBXFileReference; lastKnownFileType = sourcecode.swift; path = procUITests.swift; sourceTree = "<group>"; };
		B838073620EDC00900A46B20 /* Info.plist */ = {isa = PBXFileReference; lastKnownFileType = text.plist.xml; path = Info.plist; sourceTree = "<group>"; };
		B851460B20EF4608000E6C4E /* CompleteViewController.swift */ = {isa = PBXFileReference; lastKnownFileType = sourcecode.swift; path = CompleteViewController.swift; sourceTree = "<group>"; };
		B85366CC20F2FD3D00253BCC /* PopupView.swift */ = {isa = PBXFileReference; lastKnownFileType = sourcecode.swift; path = PopupView.swift; sourceTree = "<group>"; };
		B85366CF20F3053300253BCC /* CHContentViewController.swift */ = {isa = PBXFileReference; fileEncoding = 4; lastKnownFileType = sourcecode.swift; name = CHContentViewController.swift; path = "../../../../Downloads/PilotPlant-master/PilotPlant/CHContentViewController.swift"; sourceTree = "<group>"; };
		B85366D020F3053300253BCC /* CHControls.swift */ = {isa = PBXFileReference; fileEncoding = 4; lastKnownFileType = sourcecode.swift; name = CHControls.swift; path = "../../../../Downloads/PilotPlant-master/PilotPlant/CHControls.swift"; sourceTree = "<group>"; };
		B85366D120F3053300253BCC /* DrawingCanvasView.swift */ = {isa = PBXFileReference; fileEncoding = 4; lastKnownFileType = sourcecode.swift; name = DrawingCanvasView.swift; path = "../../../../Downloads/PilotPlant-master/PilotPlant/DrawingCanvasView.swift"; sourceTree = "<group>"; };
		B85366D220F3053300253BCC /* CHPagingScrollViewController.swift */ = {isa = PBXFileReference; fileEncoding = 4; lastKnownFileType = sourcecode.swift; name = CHPagingScrollViewController.swift; path = "../../../../Downloads/PilotPlant-master/PilotPlant/CHPagingScrollViewController.swift"; sourceTree = "<group>"; };
		B85366D320F3053300253BCC /* RecordButton.swift */ = {isa = PBXFileReference; fileEncoding = 4; lastKnownFileType = sourcecode.swift; name = RecordButton.swift; path = "../../../../Downloads/PilotPlant-master/PilotPlant/RecordButton.swift"; sourceTree = "<group>"; };
		B85366D420F3053300253BCC /* CHModalViewController.swift */ = {isa = PBXFileReference; fileEncoding = 4; lastKnownFileType = sourcecode.swift; name = CHModalViewController.swift; path = "../../../../Downloads/PilotPlant-master/PilotPlant/CHModalViewController.swift"; sourceTree = "<group>"; };
		B85366D520F3053300253BCC /* NavigationControllers.swift */ = {isa = PBXFileReference; fileEncoding = 4; lastKnownFileType = sourcecode.swift; name = NavigationControllers.swift; path = "../../../../Downloads/PilotPlant-master/PilotPlant/NavigationControllers.swift"; sourceTree = "<group>"; };
		B85366D620F3053300253BCC /* CHPickerViewController.swift */ = {isa = PBXFileReference; fileEncoding = 4; lastKnownFileType = sourcecode.swift; name = CHPickerViewController.swift; path = "../../../../Downloads/PilotPlant-master/PilotPlant/CHPickerViewController.swift"; sourceTree = "<group>"; };
		B85366D720F3053300253BCC /* CHViews.swift */ = {isa = PBXFileReference; fileEncoding = 4; lastKnownFileType = sourcecode.swift; name = CHViews.swift; path = "../../../../Downloads/PilotPlant-master/PilotPlant/CHViews.swift"; sourceTree = "<group>"; };
		B85366D820F3053300253BCC /* CHTableViewControllers.swift */ = {isa = PBXFileReference; fileEncoding = 4; lastKnownFileType = sourcecode.swift; name = CHTableViewControllers.swift; path = "../../../../Downloads/PilotPlant-master/PilotPlant/CHTableViewControllers.swift"; sourceTree = "<group>"; };
		B85366D920F3053300253BCC /* FIlters.swift */ = {isa = PBXFileReference; fileEncoding = 4; lastKnownFileType = sourcecode.swift; name = FIlters.swift; path = "../../../../Downloads/PilotPlant-master/PilotPlant/FIlters.swift"; sourceTree = "<group>"; };
		B85366DA20F3053400253BCC /* SwipeActionTableViewCell.swift */ = {isa = PBXFileReference; fileEncoding = 4; lastKnownFileType = sourcecode.swift; name = SwipeActionTableViewCell.swift; path = "../../../../Downloads/PilotPlant-master/PilotPlant/SwipeActionTableViewCell.swift"; sourceTree = "<group>"; };
		B85366E720F3147500253BCC /* UIViewController+Navigation.swift */ = {isa = PBXFileReference; fileEncoding = 4; lastKnownFileType = sourcecode.swift; name = "UIViewController+Navigation.swift"; path = "../../../../Downloads/PilotPlant-master/UIViewController+Navigation.swift"; sourceTree = "<group>"; };
		B8B55B7F20FF24C10028B233 /* StoreChartListViewControllerTableViewController.swift */ = {isa = PBXFileReference; lastKnownFileType = sourcecode.swift; path = StoreChartListViewControllerTableViewController.swift; sourceTree = "<group>"; };
		B8B55B8320FF32A00028B233 /* StoreChartCell.swift */ = {isa = PBXFileReference; lastKnownFileType = sourcecode.swift; path = StoreChartCell.swift; sourceTree = "<group>"; };
/* End PBXFileReference section */

/* Begin PBXFrameworksBuildPhase section */
		B838070E20EDC00700A46B20 /* Frameworks */ = {
			isa = PBXFrameworksBuildPhase;
			buildActionMask = 2147483647;
			files = (
			);
			runOnlyForDeploymentPostprocessing = 0;
		};
		B838072220EDC00900A46B20 /* Frameworks */ = {
			isa = PBXFrameworksBuildPhase;
			buildActionMask = 2147483647;
			files = (
			);
			runOnlyForDeploymentPostprocessing = 0;
		};
		B838072D20EDC00900A46B20 /* Frameworks */ = {
			isa = PBXFrameworksBuildPhase;
			buildActionMask = 2147483647;
			files = (
			);
			runOnlyForDeploymentPostprocessing = 0;
		};
/* End PBXFrameworksBuildPhase section */

/* Begin PBXGroup section */
		B838070820EDC00700A46B20 = {
			isa = PBXGroup;
			children = (
				B838071320EDC00700A46B20 /* proc */,
				B838072820EDC00900A46B20 /* procTests */,
				B838073320EDC00900A46B20 /* procUITests */,
				B838071220EDC00700A46B20 /* Products */,
			);
			sourceTree = "<group>";
		};
		B838071220EDC00700A46B20 /* Products */ = {
			isa = PBXGroup;
			children = (
				B838071120EDC00700A46B20 /* proc.app */,
				B838072520EDC00900A46B20 /* procTests.xctest */,
				B838073020EDC00900A46B20 /* procUITests.xctest */,
			);
			name = Products;
			sourceTree = "<group>";
		};
		B838071320EDC00700A46B20 /* proc */ = {
			isa = PBXGroup;
			children = (
				B838071420EDC00700A46B20 /* AppDelegate.swift */,
				B838071620EDC00700A46B20 /* ViewController.swift */,
				B838071820EDC00700A46B20 /* Main.storyboard */,
				90476C4220FF26D2004F1E6B /* StockViewController.swift */,
				B851460B20EF4608000E6C4E /* CompleteViewController.swift */,
				B838071B20EDC00900A46B20 /* Assets.xcassets */,
				B838071D20EDC00900A46B20 /* LaunchScreen.storyboard */,
				B838072020EDC00900A46B20 /* Info.plist */,
				B85366CC20F2FD3D00253BCC /* PopupView.swift */,
				59CEA7A720FC81D700847485 /* Home.storyboard */,
				B817E0A120FC8FF400B2A37C /* Schedule.storyboard */,
				B817E0A320FC900D00B2A37C /* Staff.storyboard */,
				B817E0A620FC903200B2A37C /* Storechart.storyboard */,
				B8B55B7F20FF24C10028B233 /* StoreChartListViewControllerTableViewController.swift */,
				B8B55B8320FF32A00028B233 /* StoreChartCell.swift */,
			);
			path = proc;
			sourceTree = "<group>";
		};
		B838072820EDC00900A46B20 /* procTests */ = {
			isa = PBXGroup;
			children = (
				B838072920EDC00900A46B20 /* procTests.swift */,
				B838072B20EDC00900A46B20 /* Info.plist */,
			);
			path = procTests;
			sourceTree = "<group>";
		};
		B838073320EDC00900A46B20 /* procUITests */ = {
			isa = PBXGroup;
			children = (
				B838073420EDC00900A46B20 /* procUITests.swift */,
				B838073620EDC00900A46B20 /* Info.plist */,
			);
			path = procUITests;
			sourceTree = "<group>";
		};
/* End PBXGroup section */

/* Begin PBXNativeTarget section */
		B838071020EDC00700A46B20 /* proc */ = {
			isa = PBXNativeTarget;
			buildConfigurationList = B838073920EDC00900A46B20 /* Build configuration list for PBXNativeTarget "proc" */;
			buildPhases = (
				B838070D20EDC00700A46B20 /* Sources */,
				B838070E20EDC00700A46B20 /* Frameworks */,
				B838070F20EDC00700A46B20 /* Resources */,
			);
			buildRules = (
			);
			dependencies = (
			);
			name = proc;
			productName = proc;
			productReference = B838071120EDC00700A46B20 /* proc.app */;
			productType = "com.apple.product-type.application";
		};
		B838072420EDC00900A46B20 /* procTests */ = {
			isa = PBXNativeTarget;
			buildConfigurationList = B838073C20EDC00900A46B20 /* Build configuration list for PBXNativeTarget "procTests" */;
			buildPhases = (
				B838072120EDC00900A46B20 /* Sources */,
				B838072220EDC00900A46B20 /* Frameworks */,
				B838072320EDC00900A46B20 /* Resources */,
			);
			buildRules = (
			);
			dependencies = (
				B838072720EDC00900A46B20 /* PBXTargetDependency */,
			);
			name = procTests;
			productName = procTests;
			productReference = B838072520EDC00900A46B20 /* procTests.xctest */;
			productType = "com.apple.product-type.bundle.unit-test";
		};
		B838072F20EDC00900A46B20 /* procUITests */ = {
			isa = PBXNativeTarget;
			buildConfigurationList = B838073F20EDC00900A46B20 /* Build configuration list for PBXNativeTarget "procUITests" */;
			buildPhases = (
				B838072C20EDC00900A46B20 /* Sources */,
				B838072D20EDC00900A46B20 /* Frameworks */,
				B838072E20EDC00900A46B20 /* Resources */,
			);
			buildRules = (
			);
			dependencies = (
				B838073220EDC00900A46B20 /* PBXTargetDependency */,
			);
			name = procUITests;
			productName = procUITests;
			productReference = B838073020EDC00900A46B20 /* procUITests.xctest */;
			productType = "com.apple.product-type.bundle.ui-testing";
		};
/* End PBXNativeTarget section */

/* Begin PBXProject section */
		B838070920EDC00700A46B20 /* Project object */ = {
			isa = PBXProject;
			attributes = {
				LastSwiftUpdateCheck = 0940;
				LastUpgradeCheck = 0940;
				ORGANIZATIONNAME = "swuad-19";
				TargetAttributes = {
					B838071020EDC00700A46B20 = {
						CreatedOnToolsVersion = 9.4.1;
					};
					B838072420EDC00900A46B20 = {
						CreatedOnToolsVersion = 9.4.1;
						TestTargetID = B838071020EDC00700A46B20;
					};
					B838072F20EDC00900A46B20 = {
						CreatedOnToolsVersion = 9.4.1;
						TestTargetID = B838071020EDC00700A46B20;
					};
				};
			};
			buildConfigurationList = B838070C20EDC00700A46B20 /* Build configuration list for PBXProject "proc" */;
			compatibilityVersion = "Xcode 9.3";
			developmentRegion = en;
			hasScannedForEncodings = 0;
			knownRegions = (
				en,
				Base,
			);
			mainGroup = B838070820EDC00700A46B20;
			productRefGroup = B838071220EDC00700A46B20 /* Products */;
			projectDirPath = "";
			projectRoot = "";
			targets = (
				B838071020EDC00700A46B20 /* proc */,
				B838072420EDC00900A46B20 /* procTests */,
				B838072F20EDC00900A46B20 /* procUITests */,
			);
		};
/* End PBXProject section */

/* Begin PBXResourcesBuildPhase section */
		B838070F20EDC00700A46B20 /* Resources */ = {
			isa = PBXResourcesBuildPhase;
			buildActionMask = 2147483647;
			files = (
				B838071F20EDC00900A46B20 /* LaunchScreen.storyboard in Resources */,
				B817E0A420FC900D00B2A37C /* Staff.storyboard in Resources */,
				59CEA7A820FC81D700847485 /* Home.storyboard in Resources */,
				B838071C20EDC00900A46B20 /* Assets.xcassets in Resources */,
				B838071A20EDC00700A46B20 /* Main.storyboard in Resources */,
				B817E0A720FC903200B2A37C /* Storechart.storyboard in Resources */,
				B817E0A220FC8FF400B2A37C /* Schedule.storyboard in Resources */,
			);
			runOnlyForDeploymentPostprocessing = 0;
		};
		B838072320EDC00900A46B20 /* Resources */ = {
			isa = PBXResourcesBuildPhase;
			buildActionMask = 2147483647;
			files = (
			);
			runOnlyForDeploymentPostprocessing = 0;
		};
		B838072E20EDC00900A46B20 /* Resources */ = {
			isa = PBXResourcesBuildPhase;
			buildActionMask = 2147483647;
			files = (
			);
			runOnlyForDeploymentPostprocessing = 0;
		};
/* End PBXResourcesBuildPhase section */

/* Begin PBXSourcesBuildPhase section */
		B838070D20EDC00700A46B20 /* Sources */ = {
			isa = PBXSourcesBuildPhase;
			buildActionMask = 2147483647;
			files = (
				B838071720EDC00700A46B20 /* ViewController.swift in Sources */,
				B85366CD20F2FD3D00253BCC /* PopupView.swift in Sources */,
				B85366E620F3053400253BCC /* SwipeActionTableViewCell.swift in Sources */,
				B85366E520F3053400253BCC /* FIlters.swift in Sources */,
				B85366DF20F3053400253BCC /* RecordButton.swift in Sources */,
				B85366E220F3053400253BCC /* CHPickerViewController.swift in Sources */,
				B85366E420F3053400253BCC /* CHTableViewControllers.swift in Sources */,
				B85366E120F3053400253BCC /* NavigationControllers.swift in Sources */,
				B85366E320F3053400253BCC /* CHViews.swift in Sources */,
				B85366DB20F3053400253BCC /* CHContentViewController.swift in Sources */,
				B8B55B8420FF32A00028B233 /* StoreChartCell.swift in Sources */,
				B85366E820F3147500253BCC /* UIViewController+Navigation.swift in Sources */,
				B838071520EDC00700A46B20 /* AppDelegate.swift in Sources */,
				B8B55B8020FF24C10028B233 /* StoreChartListViewControllerTableViewController.swift in Sources */,
				B85366DE20F3053400253BCC /* CHPagingScrollViewController.swift in Sources */,
				B85366DC20F3053400253BCC /* CHControls.swift in Sources */,
				B838071520EDC00700A46B20 /* AppDelegate.swift in Sources */,
				B851460C20EF4608000E6C4E /* CompleteViewController.swift in Sources */,
				90476C4320FF26D2004F1E6B /* StockViewController.swift in Sources */,
			);
			runOnlyForDeploymentPostprocessing = 0;
		};
		B838072120EDC00900A46B20 /* Sources */ = {
			isa = PBXSourcesBuildPhase;
			buildActionMask = 2147483647;
			files = (
				B838072A20EDC00900A46B20 /* procTests.swift in Sources */,
			);
			runOnlyForDeploymentPostprocessing = 0;
		};
		B838072C20EDC00900A46B20 /* Sources */ = {
			isa = PBXSourcesBuildPhase;
			buildActionMask = 2147483647;
			files = (
				B838073520EDC00900A46B20 /* procUITests.swift in Sources */,
			);
			runOnlyForDeploymentPostprocessing = 0;
		};
/* End PBXSourcesBuildPhase section */

/* Begin PBXTargetDependency section */
		B838072720EDC00900A46B20 /* PBXTargetDependency */ = {
			isa = PBXTargetDependency;
			target = B838071020EDC00700A46B20 /* proc */;
			targetProxy = B838072620EDC00900A46B20 /* PBXContainerItemProxy */;
		};
		B838073220EDC00900A46B20 /* PBXTargetDependency */ = {
			isa = PBXTargetDependency;
			target = B838071020EDC00700A46B20 /* proc */;
			targetProxy = B838073120EDC00900A46B20 /* PBXContainerItemProxy */;
		};
/* End PBXTargetDependency section */

/* Begin PBXVariantGroup section */
		B838071820EDC00700A46B20 /* Main.storyboard */ = {
			isa = PBXVariantGroup;
			children = (
				B838071920EDC00700A46B20 /* Base */,
			);
			name = Main.storyboard;
			sourceTree = "<group>";
		};
		B838071D20EDC00900A46B20 /* LaunchScreen.storyboard */ = {
			isa = PBXVariantGroup;
			children = (
				B838071E20EDC00900A46B20 /* Base */,
			);
			name = LaunchScreen.storyboard;
			sourceTree = "<group>";
		};
/* End PBXVariantGroup section */

/* Begin XCBuildConfiguration section */
		B838073720EDC00900A46B20 /* Debug */ = {
			isa = XCBuildConfiguration;
			buildSettings = {
				ALWAYS_SEARCH_USER_PATHS = NO;
				CLANG_ANALYZER_NONNULL = YES;
				CLANG_ANALYZER_NUMBER_OBJECT_CONVERSION = YES_AGGRESSIVE;
				CLANG_CXX_LANGUAGE_STANDARD = "gnu++14";
				CLANG_CXX_LIBRARY = "libc++";
				CLANG_ENABLE_MODULES = YES;
				CLANG_ENABLE_OBJC_ARC = YES;
				CLANG_ENABLE_OBJC_WEAK = YES;
				CLANG_WARN_BLOCK_CAPTURE_AUTORELEASING = YES;
				CLANG_WARN_BOOL_CONVERSION = YES;
				CLANG_WARN_COMMA = YES;
				CLANG_WARN_CONSTANT_CONVERSION = YES;
				CLANG_WARN_DEPRECATED_OBJC_IMPLEMENTATIONS = YES;
				CLANG_WARN_DIRECT_OBJC_ISA_USAGE = YES_ERROR;
				CLANG_WARN_DOCUMENTATION_COMMENTS = YES;
				CLANG_WARN_EMPTY_BODY = YES;
				CLANG_WARN_ENUM_CONVERSION = YES;
				CLANG_WARN_INFINITE_RECURSION = YES;
				CLANG_WARN_INT_CONVERSION = YES;
				CLANG_WARN_NON_LITERAL_NULL_CONVERSION = YES;
				CLANG_WARN_OBJC_IMPLICIT_RETAIN_SELF = YES;
				CLANG_WARN_OBJC_LITERAL_CONVERSION = YES;
				CLANG_WARN_OBJC_ROOT_CLASS = YES_ERROR;
				CLANG_WARN_RANGE_LOOP_ANALYSIS = YES;
				CLANG_WARN_STRICT_PROTOTYPES = YES;
				CLANG_WARN_SUSPICIOUS_MOVE = YES;
				CLANG_WARN_UNGUARDED_AVAILABILITY = YES_AGGRESSIVE;
				CLANG_WARN_UNREACHABLE_CODE = YES;
				CLANG_WARN__DUPLICATE_METHOD_MATCH = YES;
				CODE_SIGN_IDENTITY = "iPhone Developer";
				COPY_PHASE_STRIP = NO;
				DEBUG_INFORMATION_FORMAT = dwarf;
				ENABLE_STRICT_OBJC_MSGSEND = YES;
				ENABLE_TESTABILITY = YES;
				GCC_C_LANGUAGE_STANDARD = gnu11;
				GCC_DYNAMIC_NO_PIC = NO;
				GCC_NO_COMMON_BLOCKS = YES;
				GCC_OPTIMIZATION_LEVEL = 0;
				GCC_PREPROCESSOR_DEFINITIONS = (
					"DEBUG=1",
					"$(inherited)",
				);
				GCC_WARN_64_TO_32_BIT_CONVERSION = YES;
				GCC_WARN_ABOUT_RETURN_TYPE = YES_ERROR;
				GCC_WARN_UNDECLARED_SELECTOR = YES;
				GCC_WARN_UNINITIALIZED_AUTOS = YES_AGGRESSIVE;
				GCC_WARN_UNUSED_FUNCTION = YES;
				GCC_WARN_UNUSED_VARIABLE = YES;
				IPHONEOS_DEPLOYMENT_TARGET = 11.4;
				MTL_ENABLE_DEBUG_INFO = YES;
				ONLY_ACTIVE_ARCH = YES;
				SDKROOT = iphoneos;
				SWIFT_ACTIVE_COMPILATION_CONDITIONS = DEBUG;
				SWIFT_OPTIMIZATION_LEVEL = "-Onone";
			};
			name = Debug;
		};
		B838073820EDC00900A46B20 /* Release */ = {
			isa = XCBuildConfiguration;
			buildSettings = {
				ALWAYS_SEARCH_USER_PATHS = NO;
				CLANG_ANALYZER_NONNULL = YES;
				CLANG_ANALYZER_NUMBER_OBJECT_CONVERSION = YES_AGGRESSIVE;
				CLANG_CXX_LANGUAGE_STANDARD = "gnu++14";
				CLANG_CXX_LIBRARY = "libc++";
				CLANG_ENABLE_MODULES = YES;
				CLANG_ENABLE_OBJC_ARC = YES;
				CLANG_ENABLE_OBJC_WEAK = YES;
				CLANG_WARN_BLOCK_CAPTURE_AUTORELEASING = YES;
				CLANG_WARN_BOOL_CONVERSION = YES;
				CLANG_WARN_COMMA = YES;
				CLANG_WARN_CONSTANT_CONVERSION = YES;
				CLANG_WARN_DEPRECATED_OBJC_IMPLEMENTATIONS = YES;
				CLANG_WARN_DIRECT_OBJC_ISA_USAGE = YES_ERROR;
				CLANG_WARN_DOCUMENTATION_COMMENTS = YES;
				CLANG_WARN_EMPTY_BODY = YES;
				CLANG_WARN_ENUM_CONVERSION = YES;
				CLANG_WARN_INFINITE_RECURSION = YES;
				CLANG_WARN_INT_CONVERSION = YES;
				CLANG_WARN_NON_LITERAL_NULL_CONVERSION = YES;
				CLANG_WARN_OBJC_IMPLICIT_RETAIN_SELF = YES;
				CLANG_WARN_OBJC_LITERAL_CONVERSION = YES;
				CLANG_WARN_OBJC_ROOT_CLASS = YES_ERROR;
				CLANG_WARN_RANGE_LOOP_ANALYSIS = YES;
				CLANG_WARN_STRICT_PROTOTYPES = YES;
				CLANG_WARN_SUSPICIOUS_MOVE = YES;
				CLANG_WARN_UNGUARDED_AVAILABILITY = YES_AGGRESSIVE;
				CLANG_WARN_UNREACHABLE_CODE = YES;
				CLANG_WARN__DUPLICATE_METHOD_MATCH = YES;
				CODE_SIGN_IDENTITY = "iPhone Developer";
				COPY_PHASE_STRIP = NO;
				DEBUG_INFORMATION_FORMAT = "dwarf-with-dsym";
				ENABLE_NS_ASSERTIONS = NO;
				ENABLE_STRICT_OBJC_MSGSEND = YES;
				GCC_C_LANGUAGE_STANDARD = gnu11;
				GCC_NO_COMMON_BLOCKS = YES;
				GCC_WARN_64_TO_32_BIT_CONVERSION = YES;
				GCC_WARN_ABOUT_RETURN_TYPE = YES_ERROR;
				GCC_WARN_UNDECLARED_SELECTOR = YES;
				GCC_WARN_UNINITIALIZED_AUTOS = YES_AGGRESSIVE;
				GCC_WARN_UNUSED_FUNCTION = YES;
				GCC_WARN_UNUSED_VARIABLE = YES;
				IPHONEOS_DEPLOYMENT_TARGET = 11.4;
				MTL_ENABLE_DEBUG_INFO = NO;
				SDKROOT = iphoneos;
				SWIFT_COMPILATION_MODE = wholemodule;
				SWIFT_OPTIMIZATION_LEVEL = "-O";
				VALIDATE_PRODUCT = YES;
			};
			name = Release;
		};
		B838073A20EDC00900A46B20 /* Debug */ = {
			isa = XCBuildConfiguration;
			buildSettings = {
				ASSETCATALOG_COMPILER_APPICON_NAME = AppIcon;
				CODE_SIGN_STYLE = Automatic;
				INFOPLIST_FILE = proc/Info.plist;
				LD_RUNPATH_SEARCH_PATHS = (
					"$(inherited)",
					"@executable_path/Frameworks",
				);
				PRODUCT_BUNDLE_IDENTIFIER = com.ebabac.proc;
				PRODUCT_NAME = "$(TARGET_NAME)";
				SWIFT_VERSION = 4.0;
				TARGETED_DEVICE_FAMILY = "1,2";
			};
			name = Debug;
		};
		B838073B20EDC00900A46B20 /* Release */ = {
			isa = XCBuildConfiguration;
			buildSettings = {
				ASSETCATALOG_COMPILER_APPICON_NAME = AppIcon;
				CODE_SIGN_STYLE = Automatic;
				INFOPLIST_FILE = proc/Info.plist;
				LD_RUNPATH_SEARCH_PATHS = (
					"$(inherited)",
					"@executable_path/Frameworks",
				);
				PRODUCT_BUNDLE_IDENTIFIER = com.ebabac.proc;
				PRODUCT_NAME = "$(TARGET_NAME)";
				SWIFT_VERSION = 4.0;
				TARGETED_DEVICE_FAMILY = "1,2";
			};
			name = Release;
		};
		B838073D20EDC00900A46B20 /* Debug */ = {
			isa = XCBuildConfiguration;
			buildSettings = {
				ALWAYS_EMBED_SWIFT_STANDARD_LIBRARIES = YES;
				BUNDLE_LOADER = "$(TEST_HOST)";
				CODE_SIGN_STYLE = Automatic;
				INFOPLIST_FILE = procTests/Info.plist;
				LD_RUNPATH_SEARCH_PATHS = (
					"$(inherited)",
					"@executable_path/Frameworks",
					"@loader_path/Frameworks",
				);
				PRODUCT_BUNDLE_IDENTIFIER = com.ebabac.procTests;
				PRODUCT_NAME = "$(TARGET_NAME)";
				SWIFT_VERSION = 4.0;
				TARGETED_DEVICE_FAMILY = "1,2";
				TEST_HOST = "$(BUILT_PRODUCTS_DIR)/proc.app/proc";
			};
			name = Debug;
		};
		B838073E20EDC00900A46B20 /* Release */ = {
			isa = XCBuildConfiguration;
			buildSettings = {
				ALWAYS_EMBED_SWIFT_STANDARD_LIBRARIES = YES;
				BUNDLE_LOADER = "$(TEST_HOST)";
				CODE_SIGN_STYLE = Automatic;
				INFOPLIST_FILE = procTests/Info.plist;
				LD_RUNPATH_SEARCH_PATHS = (
					"$(inherited)",
					"@executable_path/Frameworks",
					"@loader_path/Frameworks",
				);
				PRODUCT_BUNDLE_IDENTIFIER = com.ebabac.procTests;
				PRODUCT_NAME = "$(TARGET_NAME)";
				SWIFT_VERSION = 4.0;
				TARGETED_DEVICE_FAMILY = "1,2";
				TEST_HOST = "$(BUILT_PRODUCTS_DIR)/proc.app/proc";
			};
			name = Release;
		};
		B838074020EDC00900A46B20 /* Debug */ = {
			isa = XCBuildConfiguration;
			buildSettings = {
				ALWAYS_EMBED_SWIFT_STANDARD_LIBRARIES = YES;
				CODE_SIGN_STYLE = Automatic;
				INFOPLIST_FILE = procUITests/Info.plist;
				LD_RUNPATH_SEARCH_PATHS = (
					"$(inherited)",
					"@executable_path/Frameworks",
					"@loader_path/Frameworks",
				);
				PRODUCT_BUNDLE_IDENTIFIER = com.ebabac.procUITests;
				PRODUCT_NAME = "$(TARGET_NAME)";
				SWIFT_VERSION = 4.0;
				TARGETED_DEVICE_FAMILY = "1,2";
				TEST_TARGET_NAME = proc;
			};
			name = Debug;
		};
		B838074120EDC00900A46B20 /* Release */ = {
			isa = XCBuildConfiguration;
			buildSettings = {
				ALWAYS_EMBED_SWIFT_STANDARD_LIBRARIES = YES;
				CODE_SIGN_STYLE = Automatic;
				INFOPLIST_FILE = procUITests/Info.plist;
				LD_RUNPATH_SEARCH_PATHS = (
					"$(inherited)",
					"@executable_path/Frameworks",
					"@loader_path/Frameworks",
				);
				PRODUCT_BUNDLE_IDENTIFIER = com.ebabac.procUITests;
				PRODUCT_NAME = "$(TARGET_NAME)";
				SWIFT_VERSION = 4.0;
				TARGETED_DEVICE_FAMILY = "1,2";
				TEST_TARGET_NAME = proc;
			};
			name = Release;
		};
/* End XCBuildConfiguration section */

/* Begin XCConfigurationList section */
		B838070C20EDC00700A46B20 /* Build configuration list for PBXProject "proc" */ = {
			isa = XCConfigurationList;
			buildConfigurations = (
				B838073720EDC00900A46B20 /* Debug */,
				B838073820EDC00900A46B20 /* Release */,
			);
			defaultConfigurationIsVisible = 0;
			defaultConfigurationName = Release;
		};
		B838073920EDC00900A46B20 /* Build configuration list for PBXNativeTarget "proc" */ = {
			isa = XCConfigurationList;
			buildConfigurations = (
				B838073A20EDC00900A46B20 /* Debug */,
				B838073B20EDC00900A46B20 /* Release */,
			);
			defaultConfigurationIsVisible = 0;
			defaultConfigurationName = Release;
		};
		B838073C20EDC00900A46B20 /* Build configuration list for PBXNativeTarget "procTests" */ = {
			isa = XCConfigurationList;
			buildConfigurations = (
				B838073D20EDC00900A46B20 /* Debug */,
				B838073E20EDC00900A46B20 /* Release */,
			);
			defaultConfigurationIsVisible = 0;
			defaultConfigurationName = Release;
		};
		B838073F20EDC00900A46B20 /* Build configuration list for PBXNativeTarget "procUITests" */ = {
			isa = XCConfigurationList;
			buildConfigurations = (
				B838074020EDC00900A46B20 /* Debug */,
				B838074120EDC00900A46B20 /* Release */,
			);
			defaultConfigurationIsVisible = 0;
			defaultConfigurationName = Release;
		};
/* End XCConfigurationList section */
	};
	rootObject = B838070920EDC00700A46B20 /* Project object */;
}
